{
  "name": "App-Docs",
  "lockfileVersion": 2,
  "requires": true,
  "packages": {
    "": {
      "dependencies": {
        "flatdoc": "^0.9.0"
      }
    },
    "node_modules/flatdoc": {
      "version": "0.9.0",
      "resolved": "https://registry.npmjs.org/flatdoc/-/flatdoc-0.9.0.tgz",
      "integrity": "sha1-QOiqi/NC2Kg9Ily8Qu+Oyl/BvfU="
    }
  },
  "dependencies": {
    "flatdoc": {
      "version": "0.9.0",
      "resolved": "https://registry.npmjs.org/flatdoc/-/flatdoc-0.9.0.tgz",
      "integrity": "sha1-QOiqi/NC2Kg9Ily8Qu+Oyl/BvfU="
    }
  }
}
